
Microsoft Visual Studio Solution File, Format Version 12.00
# Visual Studio Version 17
VisualStudioVersion = 17.5.33530.505
MinimumVisualStudioVersion = 10.0.40219.1
Project("{FAE04EC0-301F-11D3-BF4B-00C04F79EFBC}") = "CFMStats.Web", "CFMStats\CFMStats.Web.csproj", "{67A77CA1-9D1E-4FB8-9909-83F8F5537518}"
EndProject
Project("{00D1A9C2-B5F0-4AF3-8072-F6C62B433612}") = "CFMStats.Database", "CFMStats.Database\CFMStats.Database.sqlproj", "{09FC6DF6-70A0-4340-920F-4C08CADB69CC}"
EndProject
Project("{2150E333-8FDC-42A3-9474-1A3956D46DE8}") = "data", "data", "{2CE5E3D6-FF63-4DA6-B3AC-33F9ED37C97E}"
EndProject
Global
	GlobalSection(SolutionConfigurationPlatforms) = preSolution
		Debug|Any CPU = Debug|Any CPU
		Release|Any CPU = Release|Any CPU
	EndGlobalSection
	GlobalSection(ProjectConfigurationPlatforms) = postSolution
		{67A77CA1-9D1E-4FB8-9909-83F8F5537518}.Debug|Any CPU.ActiveCfg = Debug|Any CPU
		{67A77CA1-9D1E-4FB8-9909-83F8F5537518}.Debug|Any CPU.Build.0 = Debug|Any CPU
		{67A77CA1-9D1E-4FB8-9909-83F8F5537518}.Release|Any CPU.ActiveCfg = Release|Any CPU
		{67A77CA1-9D1E-4FB8-9909-83F8F5537518}.Release|Any CPU.Build.0 = Release|Any CPU
		{09FC6DF6-70A0-4340-920F-4C08CADB69CC}.Debug|Any CPU.ActiveCfg = Debug|Any CPU
		{09FC6DF6-70A0-4340-920F-4C08CADB69CC}.Debug|Any CPU.Build.0 = Debug|Any CPU
		{09FC6DF6-70A0-4340-920F-4C08CADB69CC}.Debug|Any CPU.Deploy.0 = Debug|Any CPU
		{09FC6DF6-70A0-4340-920F-4C08CADB69CC}.Release|Any CPU.ActiveCfg = Release|Any CPU
		{09FC6DF6-70A0-4340-920F-4C08CADB69CC}.Release|Any CPU.Build.0 = Release|Any CPU
		{09FC6DF6-70A0-4340-920F-4C08CADB69CC}.Release|Any CPU.Deploy.0 = Release|Any CPU
	EndGlobalSection
	GlobalSection(SolutionProperties) = preSolution
		HideSolutionNode = FALSE
	EndGlobalSection
	GlobalSection(NestedProjects) = preSolution
		{09FC6DF6-70A0-4340-920F-4C08CADB69CC} = {2CE5E3D6-FF63-4DA6-B3AC-33F9ED37C97E}
	EndGlobalSection
	GlobalSection(ExtensibilityGlobals) = postSolution
		SolutionGuid = {88CE431E-8898-44A6-9CB9-FFFF9F8B3B1A}
	EndGlobalSection
EndGlobal
